
Microsoft Visual Studio Solution File, Format Version 12.00
# Visual Studio Version 17
VisualStudioVersion = 17.0.31611.283
MinimumVisualStudioVersion = 10.0.40219.1
Project("{9A19103F-16F7-4668-BE54-9A1E7A4F7556}") = "MauiBlazor", "MauiBlazor.csproj", "{C01396EE-7233-4298-841A-712D250F9D55}"
EndProject
Global
	GlobalSection(SolutionConfigurationPlatforms) = preSolution
		Debug|Any CPU = Debug|Any CPU
		Release|Any CPU = Release|Any CPU
	EndGlobalSection
	GlobalSection(ProjectConfigurationPlatforms) = postSolution
		{C01396EE-7233-4298-841A-712D250F9D55}.Debug|Any CPU.ActiveCfg = Debug|Any CPU
		{C01396EE-7233-4298-841A-712D250F9D55}.Debug|Any CPU.Build.0 = Debug|Any CPU
		{C01396EE-7233-4298-841A-712D250F9D55}.Debug|Any CPU.Deploy.0 = Debug|Any CPU
		{C01396EE-7233-4298-841A-712D250F9D55}.Release|Any CPU.ActiveCfg = Release|Any CPU
		{C01396EE-7233-4298-841A-712D250F9D55}.Release|Any CPU.Build.0 = Release|Any CPU
		{C01396EE-7233-4298-841A-712D250F9D55}.Release|Any CPU.Deploy.0 = Release|Any CPU
	EndGlobalSection
	GlobalSection(SolutionProperties) = preSolution
		HideSolutionNode = FALSE
	EndGlobalSection
	GlobalSection(ExtensibilityGlobals) = postSolution
		SolutionGuid = {B750A2DF-70FE-4058-838E-2BD25DD8EA96}
	EndGlobalSection
EndGlobal
